
Microsoft Visual Studio Solution File, Format Version 12.00
# Visual Studio Version 17
VisualStudioVersion = 17.4.33103.184
MinimumVisualStudioVersion = 10.0.40219.1
Project("{888888A0-9F3D-457C-B088-3A5042F75D52}") = "PyModernRay", "PyModernRay.pyproj", "{87AC5DEA-8CE2-4A0F-8952-86A6E3D73095}"
EndProject
Global
	GlobalSection(SolutionConfigurationPlatforms) = preSolution
		Debug|Any CPU = Debug|Any CPU
		Release|Any CPU = Release|Any CPU
	EndGlobalSection
	GlobalSection(ProjectConfigurationPlatforms) = postSolution
		{87AC5DEA-8CE2-4A0F-8952-86A6E3D73095}.Debug|Any CPU.ActiveCfg = Debug|Any CPU
		{87AC5DEA-8CE2-4A0F-8952-86A6E3D73095}.Release|Any CPU.ActiveCfg = Release|Any CPU
	EndGlobalSection
	GlobalSection(SolutionProperties) = preSolution
		HideSolutionNode = FALSE
	EndGlobalSection
	GlobalSection(ExtensibilityGlobals) = postSolution
		SolutionGuid = {CDB2B533-0491-4D96-AA89-91EB44912111}
	EndGlobalSection
EndGlobal
